// !$*UTF8*$!
{
	archiveVersion = 1;
	classes = {
	};
	objectVersion = 56;
	objects = {

/* Begin PBXBuildFile section */
		A71F9E512A13DE710046051A /* AppDelegate.swift in Sources */ = {isa = PBXBuildFile; fileRef = A71F9E502A13DE710046051A /* AppDelegate.swift */; };
		A71F9E532A13DE710046051A /* SceneDelegate.swift in Sources */ = {isa = PBXBuildFile; fileRef = A71F9E522A13DE710046051A /* SceneDelegate.swift */; };
		A71F9E552A13DE710046051A /* ViewController.swift in Sources */ = {isa = PBXBuildFile; fileRef = A71F9E542A13DE710046051A /* ViewController.swift */; };
		A71F9E582A13DE710046051A /* Main.storyboard in Resources */ = {isa = PBXBuildFile; fileRef = A71F9E562A13DE710046051A /* Main.storyboard */; };
		A71F9E5A2A13DE710046051A /* Assets.xcassets in Resources */ = {isa = PBXBuildFile; fileRef = A71F9E592A13DE710046051A /* Assets.xcassets */; };
		A71F9E5D2A13DE710046051A /* LaunchScreen.storyboard in Resources */ = {isa = PBXBuildFile; fileRef = A71F9E5B2A13DE710046051A /* LaunchScreen.storyboard */; };
		A71F9E682A13DE720046051A /* video_playerTests.swift in Sources */ = {isa = PBXBuildFile; fileRef = A71F9E672A13DE720046051A /* video_playerTests.swift */; };
		A71F9E722A13DE720046051A /* video_playerUITests.swift in Sources */ = {isa = PBXBuildFile; fileRef = A71F9E712A13DE720046051A /* video_playerUITests.swift */; };
		A71F9E742A13DE720046051A /* video_playerUITestsLaunchTests.swift in Sources */ = {isa = PBXBuildFile; fileRef = A71F9E732A13DE720046051A /* video_playerUITestsLaunchTests.swift */; };
		A71F9E832A1B6F1C0046051A /* sampleVid.mp4 in Resources */ = {isa = PBXBuildFile; fileRef = A71F9E822A1B6F1C0046051A /* sampleVid.mp4 */; };
/* End PBXBuildFile section */

/* Begin PBXContainerItemProxy section */
		A71F9E642A13DE720046051A /* PBXContainerItemProxy */ = {
			isa = PBXContainerItemProxy;
			containerPortal = A71F9E452A13DE710046051A /* Project object */;
			proxyType = 1;
			remoteGlobalIDString = A71F9E4C2A13DE710046051A;
			remoteInfo = video_player;
		};
		A71F9E6E2A13DE720046051A /* PBXContainerItemProxy */ = {
			isa = PBXContainerItemProxy;
			containerPortal = A71F9E452A13DE710046051A /* Project object */;
			proxyType = 1;
			remoteGlobalIDString = A71F9E4C2A13DE710046051A;
			remoteInfo = video_player;
		};
/* End PBXContainerItemProxy section */

/* Begin PBXFileReference section */
		A71F9E4D2A13DE710046051A /* video_player.app */ = {isa = PBXFileReference; explicitFileType = wrapper.application; includeInIndex = 0; path = video_player.app; sourceTree = BUILT_PRODUCTS_DIR; };
		A71F9E502A13DE710046051A /* AppDelegate.swift */ = {isa = PBXFileReference; lastKnownFileType = sourcecode.swift; path = AppDelegate.swift; sourceTree = "<group>"; };
		A71F9E522A13DE710046051A /* SceneDelegate.swift */ = {isa = PBXFileReference; lastKnownFileType = sourcecode.swift; path = SceneDelegate.swift; sourceTree = "<group>"; };
		A71F9E542A13DE710046051A /* ViewController.swift */ = {isa = PBXFileReference; lastKnownFileType = sourcecode.swift; path = ViewController.swift; sourceTree = "<group>"; };
		A71F9E572A13DE710046051A /* Base */ = {isa = PBXFileReference; lastKnownFileType = file.storyboard; name = Base; path = Base.lproj/Main.storyboard; sourceTree = "<group>"; };
		A71F9E592A13DE710046051A /* Assets.xcassets */ = {isa = PBXFileReference; lastKnownFileType = folder.assetcatalog; path = Assets.xcassets; sourceTree = "<group>"; };
		A71F9E5C2A13DE710046051A /* Base */ = {isa = PBXFileReference; lastKnownFileType = file.storyboard; name = Base; path = Base.lproj/LaunchScreen.storyboard; sourceTree = "<group>"; };
		A71F9E5E2A13DE710046051A /* Info.plist */ = {isa = PBXFileReference; lastKnownFileType = text.plist.xml; path = Info.plist; sourceTree = "<group>"; };
		A71F9E632A13DE720046051A /* video_playerTests.xctest */ = {isa = PBXFileReference; explicitFileType = wrapper.cfbundle; includeInIndex = 0; path = video_playerTests.xctest; sourceTree = BUILT_PRODUCTS_DIR; };
		A71F9E672A13DE720046051A /* video_playerTests.swift */ = {isa = PBXFileReference; lastKnownFileType = sourcecode.swift; path = video_playerTests.swift; sourceTree = "<group>"; };
		A71F9E6D2A13DE720046051A /* video_playerUITests.xctest */ = {isa = PBXFileReference; explicitFileType = wrapper.cfbundle; includeInIndex = 0; path = video_playerUITests.xctest; sourceTree = BUILT_PRODUCTS_DIR; };
		A71F9E712A13DE720046051A /* video_playerUITests.swift */ = {isa = PBXFileReference; lastKnownFileType = sourcecode.swift; path = video_playerUITests.swift; sourceTree = "<group>"; };
		A71F9E732A13DE720046051A /* video_playerUITestsLaunchTests.swift */ = {isa = PBXFileReference; lastKnownFileType = sourcecode.swift; path = video_playerUITestsLaunchTests.swift; sourceTree = "<group>"; };
		A71F9E822A1B6F1C0046051A /* sampleVid.mp4 */ = {isa = PBXFileReference; lastKnownFileType = file; path = sampleVid.mp4; sourceTree = "<group>"; };
/* End PBXFileReference section */

/* Begin PBXFrameworksBuildPhase section */
		A71F9E4A2A13DE710046051A /* Frameworks */ = {
			isa = PBXFrameworksBuildPhase;
			buildActionMask = 2147483647;
			files = (
			);
			runOnlyForDeploymentPostprocessing = 0;
		};
		A71F9E602A13DE720046051A /* Frameworks */ = {
			isa = PBXFrameworksBuildPhase;
			buildActionMask = 2147483647;
			files = (
			);
			runOnlyForDeploymentPostprocessing = 0;
		};
		A71F9E6A2A13DE720046051A /* Frameworks */ = {
			isa = PBXFrameworksBuildPhase;
			buildActionMask = 2147483647;
			files = (
			);
			runOnlyForDeploymentPostprocessing = 0;
		};
/* End PBXFrameworksBuildPhase section */

/* Begin PBXGroup section */
		A71F9E442A13DE710046051A = {
			isa = PBXGroup;
			children = (
				A71F9E4F2A13DE710046051A /* video_player */,
				A71F9E662A13DE720046051A /* video_playerTests */,
				A71F9E702A13DE720046051A /* video_playerUITests */,
				A71F9E4E2A13DE710046051A /* Products */,
			);
			sourceTree = "<group>";
		};
		A71F9E4E2A13DE710046051A /* Products */ = {
			isa = PBXGroup;
			children = (
				A71F9E4D2A13DE710046051A /* video_player.app */,
				A71F9E632A13DE720046051A /* video_playerTests.xctest */,
				A71F9E6D2A13DE720046051A /* video_playerUITests.xctest */,
			);
			name = Products;
			sourceTree = "<group>";
		};
		A71F9E4F2A13DE710046051A /* video_player */ = {
			isa = PBXGroup;
			children = (
				A71F9E502A13DE710046051A /* AppDelegate.swift */,
				A71F9E522A13DE710046051A /* SceneDelegate.swift */,
				A71F9E542A13DE710046051A /* ViewController.swift */,
				A71F9E822A1B6F1C0046051A /* sampleVid.mp4 */,
				A71F9E562A13DE710046051A /* Main.storyboard */,
				A71F9E592A13DE710046051A /* Assets.xcassets */,
				A71F9E5B2A13DE710046051A /* LaunchScreen.storyboard */,
				A71F9E5E2A13DE710046051A /* Info.plist */,
			);
			path = video_player;
			sourceTree = "<group>";
		};
		A71F9E662A13DE720046051A /* video_playerTests */ = {
			isa = PBXGroup;
			children = (
				A71F9E672A13DE720046051A /* video_playerTests.swift */,
			);
			path = video_playerTests;
			sourceTree = "<group>";
		};
		A71F9E702A13DE720046051A /* video_playerUITests */ = {
			isa = PBXGroup;
			children = (
				A71F9E712A13DE720046051A /* video_playerUITests.swift */,
				A71F9E732A13DE720046051A /* video_playerUITestsLaunchTests.swift */,
			);
			path = video_playerUITests;
			sourceTree = "<group>";
		};
/* End PBXGroup section */

/* Begin PBXNativeTarget section */
		A71F9E4C2A13DE710046051A /* video_player */ = {
			isa = PBXNativeTarget;
			buildConfigurationList = A71F9E772A13DE720046051A /* Build configuration list for PBXNativeTarget "video_player" */;
			buildPhases = (
				A71F9E492A13DE710046051A /* Sources */,
				A71F9E4A2A13DE710046051A /* Frameworks */,
				A71F9E4B2A13DE710046051A /* Resources */,
			);
			buildRules = (
			);
			dependencies = (
			);
			name = video_player;
			productName = video_player;
			productReference = A71F9E4D2A13DE710046051A /* video_player.app */;
			productType = "com.apple.product-type.application";
		};
		A71F9E622A13DE720046051A /* video_playerTests */ = {
			isa = PBXNativeTarget;
			buildConfigurationList = A71F9E7A2A13DE720046051A /* Build configuration list for PBXNativeTarget "video_playerTests" */;
			buildPhases = (
				A71F9E5F2A13DE720046051A /* Sources */,
				A71F9E602A13DE720046051A /* Frameworks */,
				A71F9E612A13DE720046051A /* Resources */,
			);
			buildRules = (
			);
			dependencies = (
				A71F9E652A13DE720046051A /* PBXTargetDependency */,
			);
			name = video_playerTests;
			productName = video_playerTests;
			productReference = A71F9E632A13DE720046051A /* video_playerTests.xctest */;
			productType = "com.apple.product-type.bundle.unit-test";
		};
		A71F9E6C2A13DE720046051A /* video_playerUITests */ = {
			isa = PBXNativeTarget;
			buildConfigurationList = A71F9E7D2A13DE720046051A /* Build configuration list for PBXNativeTarget "video_playerUITests" */;
			buildPhases = (
				A71F9E692A13DE720046051A /* Sources */,
				A71F9E6A2A13DE720046051A /* Frameworks */,
				A71F9E6B2A13DE720046051A /* Resources */,
			);
			buildRules = (
			);
			dependencies = (
				A71F9E6F2A13DE720046051A /* PBXTargetDependency */,
			);
			name = video_playerUITests;
			productName = video_playerUITests;
			productReference = A71F9E6D2A13DE720046051A /* video_playerUITests.xctest */;
			productType = "com.apple.product-type.bundle.ui-testing";
		};
/* End PBXNativeTarget section */

/* Begin PBXProject section */
		A71F9E452A13DE710046051A /* Project object */ = {
			isa = PBXProject;
			attributes = {
				BuildIndependentTargetsInParallel = 1;
				LastSwiftUpdateCheck = 1430;
				LastUpgradeCheck = 1430;
				TargetAttributes = {
					A71F9E4C2A13DE710046051A = {
						CreatedOnToolsVersion = 14.3;
					};
					A71F9E622A13DE720046051A = {
						CreatedOnToolsVersion = 14.3;
						TestTargetID = A71F9E4C2A13DE710046051A;
					};
					A71F9E6C2A13DE720046051A = {
						CreatedOnToolsVersion = 14.3;
						TestTargetID = A71F9E4C2A13DE710046051A;
					};
				};
			};
			buildConfigurationList = A71F9E482A13DE710046051A /* Build configuration list for PBXProject "video_player" */;
			compatibilityVersion = "Xcode 14.0";
			developmentRegion = en;
			hasScannedForEncodings = 0;
			knownRegions = (
				en,
				Base,
			);
			mainGroup = A71F9E442A13DE710046051A;
			productRefGroup = A71F9E4E2A13DE710046051A /* Products */;
			projectDirPath = "";
			projectRoot = "";
			targets = (
				A71F9E4C2A13DE710046051A /* video_player */,
				A71F9E622A13DE720046051A /* video_playerTests */,
				A71F9E6C2A13DE720046051A /* video_playerUITests */,
			);
		};
/* End PBXProject section */

/* Begin PBXResourcesBuildPhase section */
		A71F9E4B2A13DE710046051A /* Resources */ = {
			isa = PBXResourcesBuildPhase;
			buildActionMask = 2147483647;
			files = (
				A71F9E5D2A13DE710046051A /* LaunchScreen.storyboard in Resources */,
				A71F9E5A2A13DE710046051A /* Assets.xcassets in Resources */,
				A71F9E582A13DE710046051A /* Main.storyboard in Resources */,
				A71F9E832A1B6F1C0046051A /* sampleVid.mp4 in Resources */,
			);
			runOnlyForDeploymentPostprocessing = 0;
		};
		A71F9E612A13DE720046051A /* Resources */ = {
			isa = PBXResourcesBuildPhase;
			buildActionMask = 2147483647;
			files = (
			);
			runOnlyForDeploymentPostprocessing = 0;
		};
		A71F9E6B2A13DE720046051A /* Resources */ = {
			isa = PBXResourcesBuildPhase;
			buildActionMask = 2147483647;
			files = (
			);
			runOnlyForDeploymentPostprocessing = 0;
		};
/* End PBXResourcesBuildPhase section */

/* Begin PBXSourcesBuildPhase section */
		A71F9E492A13DE710046051A /* Sources */ = {
			isa = PBXSourcesBuildPhase;
			buildActionMask = 2147483647;
			files = (
				A71F9E552A13DE710046051A /* ViewController.swift in Sources */,
				A71F9E512A13DE710046051A /* AppDelegate.swift in Sources */,
				A71F9E532A13DE710046051A /* SceneDelegate.swift in Sources */,
			);
			runOnlyForDeploymentPostprocessing = 0;
		};
		A71F9E5F2A13DE720046051A /* Sources */ = {
			isa = PBXSourcesBuildPhase;
			buildActionMask = 2147483647;
			files = (
				A71F9E682A13DE720046051A /* video_playerTests.swift in Sources */,
			);
			runOnlyForDeploymentPostprocessing = 0;
		};
		A71F9E692A13DE720046051A /* Sources */ = {
			isa = PBXSourcesBuildPhase;
			buildActionMask = 2147483647;
			files = (
				A71F9E722A13DE720046051A /* video_playerUITests.swift in Sources */,
				A71F9E742A13DE720046051A /* video_playerUITestsLaunchTests.swift in Sources */,
			);
			runOnlyForDeploymentPostprocessing = 0;
		};
/* End PBXSourcesBuildPhase section */

/* Begin PBXTargetDependency section */
		A71F9E652A13DE720046051A /* PBXTargetDependency */ = {
			isa = PBXTargetDependency;
			target = A71F9E4C2A13DE710046051A /* video_player */;
			targetProxy = A71F9E642A13DE720046051A /* PBXContainerItemProxy */;
		};
		A71F9E6F2A13DE720046051A /* PBXTargetDependency */ = {
			isa = PBXTargetDependency;
			target = A71F9E4C2A13DE710046051A /* video_player */;
			targetProxy = A71F9E6E2A13DE720046051A /* PBXContainerItemProxy */;
		};
/* End PBXTargetDependency section */

/* Begin PBXVariantGroup section */
		A71F9E562A13DE710046051A /* Main.storyboard */ = {
			isa = PBXVariantGroup;
			children = (
				A71F9E572A13DE710046051A /* Base */,
			);
			name = Main.storyboard;
			sourceTree = "<group>";
		};
		A71F9E5B2A13DE710046051A /* LaunchScreen.storyboard */ = {
			isa = PBXVariantGroup;
			children = (
				A71F9E5C2A13DE710046051A /* Base */,
			);
			name = LaunchScreen.storyboard;
			sourceTree = "<group>";
		};
/* End PBXVariantGroup section */

/* Begin XCBuildConfiguration section */
		A71F9E752A13DE720046051A /* Debug */ = {
			isa = XCBuildConfiguration;
			buildSettings = {
				ALWAYS_SEARCH_USER_PATHS = NO;
				CLANG_ANALYZER_NONNULL = YES;
				CLANG_ANALYZER_NUMBER_OBJECT_CONVERSION = YES_AGGRESSIVE;
				CLANG_CXX_LANGUAGE_STANDARD = "gnu++20";
				CLANG_ENABLE_MODULES = YES;
				CLANG_ENABLE_OBJC_ARC = YES;
				CLANG_ENABLE_OBJC_WEAK = YES;
				CLANG_WARN_BLOCK_CAPTURE_AUTORELEASING = YES;
				CLANG_WARN_BOOL_CONVERSION = YES;
				CLANG_WARN_COMMA = YES;
				CLANG_WARN_CONSTANT_CONVERSION = YES;
				CLANG_WARN_DEPRECATED_OBJC_IMPLEMENTATIONS = YES;
				CLANG_WARN_DIRECT_OBJC_ISA_USAGE = YES_ERROR;
				CLANG_WARN_DOCUMENTATION_COMMENTS = YES;
				CLANG_WARN_EMPTY_BODY = YES;
				CLANG_WARN_ENUM_CONVERSION = YES;
				CLANG_WARN_INFINITE_RECURSION = YES;
				CLANG_WARN_INT_CONVERSION = YES;
				CLANG_WARN_NON_LITERAL_NULL_CONVERSION = YES;
				CLANG_WARN_OBJC_IMPLICIT_RETAIN_SELF = YES;
				CLANG_WARN_OBJC_LITERAL_CONVERSION = YES;
				CLANG_WARN_OBJC_ROOT_CLASS = YES_ERROR;
				CLANG_WARN_QUOTED_INCLUDE_IN_FRAMEWORK_HEADER = YES;
				CLANG_WARN_RANGE_LOOP_ANALYSIS = YES;
				CLANG_WARN_STRICT_PROTOTYPES = YES;
				CLANG_WARN_SUSPICIOUS_MOVE = YES;
				CLANG_WARN_UNGUARDED_AVAILABILITY = YES_AGGRESSIVE;
				CLANG_WARN_UNREACHABLE_CODE = YES;
				CLANG_WARN__DUPLICATE_METHOD_MATCH = YES;
				COPY_PHASE_STRIP = NO;
				DEBUG_INFORMATION_FORMAT = dwarf;
				ENABLE_STRICT_OBJC_MSGSEND = YES;
				ENABLE_TESTABILITY = YES;
				GCC_C_LANGUAGE_STANDARD = gnu11;
				GCC_DYNAMIC_NO_PIC = NO;
				GCC_NO_COMMON_BLOCKS = YES;
				GCC_OPTIMIZATION_LEVEL = 0;
				GCC_PREPROCESSOR_DEFINITIONS = (
					"DEBUG=1",
					"$(inherited)",
				);
				GCC_WARN_64_TO_32_BIT_CONVERSION = YES;
				GCC_WARN_ABOUT_RETURN_TYPE = YES_ERROR;
				GCC_WARN_UNDECLARED_SELECTOR = YES;
				GCC_WARN_UNINITIALIZED_AUTOS = YES_AGGRESSIVE;
				GCC_WARN_UNUSED_FUNCTION = YES;
				GCC_WARN_UNUSED_VARIABLE = YES;
				IPHONEOS_DEPLOYMENT_TARGET = 16.4;
				MTL_ENABLE_DEBUG_INFO = INCLUDE_SOURCE;
				MTL_FAST_MATH = YES;
				ONLY_ACTIVE_ARCH = YES;
				SDKROOT = iphoneos;
				SWIFT_ACTIVE_COMPILATION_CONDITIONS = DEBUG;
				SWIFT_OPTIMIZATION_LEVEL = "-Onone";
			};
			name = Debug;
		};
		A71F9E762A13DE720046051A /* Release */ = {
			isa = XCBuildConfiguration;
			buildSettings = {
				ALWAYS_SEARCH_USER_PATHS = NO;
				CLANG_ANALYZER_NONNULL = YES;
				CLANG_ANALYZER_NUMBER_OBJECT_CONVERSION = YES_AGGRESSIVE;
				CLANG_CXX_LANGUAGE_STANDARD = "gnu++20";
				CLANG_ENABLE_MODULES = YES;
				CLANG_ENABLE_OBJC_ARC = YES;
				CLANG_ENABLE_OBJC_WEAK = YES;
				CLANG_WARN_BLOCK_CAPTURE_AUTORELEASING = YES;
				CLANG_WARN_BOOL_CONVERSION = YES;
				CLANG_WARN_COMMA = YES;
				CLANG_WARN_CONSTANT_CONVERSION = YES;
				CLANG_WARN_DEPRECATED_OBJC_IMPLEMENTATIONS = YES;
				CLANG_WARN_DIRECT_OBJC_ISA_USAGE = YES_ERROR;
				CLANG_WARN_DOCUMENTATION_COMMENTS = YES;
				CLANG_WARN_EMPTY_BODY = YES;
				CLANG_WARN_ENUM_CONVERSION = YES;
				CLANG_WARN_INFINITE_RECURSION = YES;
				CLANG_WARN_INT_CONVERSION = YES;
				CLANG_WARN_NON_LITERAL_NULL_CONVERSION = YES;
				CLANG_WARN_OBJC_IMPLICIT_RETAIN_SELF = YES;
				CLANG_WARN_OBJC_LITERAL_CONVERSION = YES;
				CLANG_WARN_OBJC_ROOT_CLASS = YES_ERROR;
				CLANG_WARN_QUOTED_INCLUDE_IN_FRAMEWORK_HEADER = YES;
				CLANG_WARN_RANGE_LOOP_ANALYSIS = YES;
				CLANG_WARN_STRICT_PROTOTYPES = YES;
				CLANG_WARN_SUSPICIOUS_MOVE = YES;
				CLANG_WARN_UNGUARDED_AVAILABILITY = YES_AGGRESSIVE;
				CLANG_WARN_UNREACHABLE_CODE = YES;
				CLANG_WARN__DUPLICATE_METHOD_MATCH = YES;
				COPY_PHASE_STRIP = NO;
				DEBUG_INFORMATION_FORMAT = "dwarf-with-dsym";
				ENABLE_NS_ASSERTIONS = NO;
				ENABLE_STRICT_OBJC_MSGSEND = YES;
				GCC_C_LANGUAGE_STANDARD = gnu11;
				GCC_NO_COMMON_BLOCKS = YES;
				GCC_WARN_64_TO_32_BIT_CONVERSION = YES;
				GCC_WARN_ABOUT_RETURN_TYPE = YES_ERROR;
				GCC_WARN_UNDECLARED_SELECTOR = YES;
				GCC_WARN_UNINITIALIZED_AUTOS = YES_AGGRESSIVE;
				GCC_WARN_UNUSED_FUNCTION = YES;
				GCC_WARN_UNUSED_VARIABLE = YES;
				IPHONEOS_DEPLOYMENT_TARGET = 16.4;
				MTL_ENABLE_DEBUG_INFO = NO;
				MTL_FAST_MATH = YES;
				SDKROOT = iphoneos;
				SWIFT_COMPILATION_MODE = wholemodule;
				SWIFT_OPTIMIZATION_LEVEL = "-O";
				VALIDATE_PRODUCT = YES;
			};
			name = Release;
		};
		A71F9E782A13DE720046051A /* Debug */ = {
			isa = XCBuildConfiguration;
			buildSettings = {
				ASSETCATALOG_COMPILER_APPICON_NAME = AppIcon;
				ASSETCATALOG_COMPILER_GLOBAL_ACCENT_COLOR_NAME = AccentColor;
				CODE_SIGN_STYLE = Automatic;
				CURRENT_PROJECT_VERSION = 1;
				DEVELOPMENT_TEAM = 4Y8XQ8GCD6;
				GENERATE_INFOPLIST_FILE = YES;
				INFOPLIST_FILE = video_player/Info.plist;
				INFOPLIST_KEY_UIApplicationSupportsIndirectInputEvents = YES;
				INFOPLIST_KEY_UILaunchStoryboardName = LaunchScreen;
				INFOPLIST_KEY_UIMainStoryboardFile = Main;
				INFOPLIST_KEY_UISupportedInterfaceOrientations_iPad = "UIInterfaceOrientationPortrait UIInterfaceOrientationPortraitUpsideDown UIInterfaceOrientationLandscapeLeft UIInterfaceOrientationLandscapeRight";
				INFOPLIST_KEY_UISupportedInterfaceOrientations_iPhone = "UIInterfaceOrientationPortrait UIInterfaceOrientationLandscapeLeft UIInterfaceOrientationLandscapeRight";
				LD_RUNPATH_SEARCH_PATHS = (
					"$(inherited)",
					"@executable_path/Frameworks",
				);
				MARKETING_VERSION = 1.0;
				PRODUCT_BUNDLE_IDENTIFIER = "com.evandrocaxala.video-player";
				PRODUCT_NAME = "$(TARGET_NAME)";
				SWIFT_EMIT_LOC_STRINGS = YES;
				SWIFT_VERSION = 5.0;
				TARGETED_DEVICE_FAMILY = "1,2";
			};
			name = Debug;
		};
		A71F9E792A13DE720046051A /* Release */ = {
			isa = XCBuildConfiguration;
			buildSettings = {
				ASSETCATALOG_COMPILER_APPICON_NAME = AppIcon;
				ASSETCATALOG_COMPILER_GLOBAL_ACCENT_COLOR_NAME = AccentColor;
				CODE_SIGN_STYLE = Automatic;
				CURRENT_PROJECT_VERSION = 1;
				DEVELOPMENT_TEAM = 4Y8XQ8GCD6;
				GENERATE_INFOPLIST_FILE = YES;
				INFOPLIST_FILE = video_player/Info.plist;
				INFOPLIST_KEY_UIApplicationSupportsIndirectInputEvents = YES;
				INFOPLIST_KEY_UILaunchStoryboardName = LaunchScreen;
				INFOPLIST_KEY_UIMainStoryboardFile = Main;
				INFOPLIST_KEY_UISupportedInterfaceOrientations_iPad = "UIInterfaceOrientationPortrait UIInterfaceOrientationPortraitUpsideDown UIInterfaceOrientationLandscapeLeft UIInterfaceOrientationLandscapeRight";
				INFOPLIST_KEY_UISupportedInterfaceOrientations_iPhone = "UIInterfaceOrientationPortrait UIInterfaceOrientationLandscapeLeft UIInterfaceOrientationLandscapeRight";
				LD_RUNPATH_SEARCH_PATHS = (
					"$(inherited)",
					"@executable_path/Frameworks",
				);
				MARKETING_VERSION = 1.0;
				PRODUCT_BUNDLE_IDENTIFIER = "com.evandrocaxala.video-player";
				PRODUCT_NAME = "$(TARGET_NAME)";
				SWIFT_EMIT_LOC_STRINGS = YES;
				SWIFT_VERSION = 5.0;
				TARGETED_DEVICE_FAMILY = "1,2";
			};
			name = Release;
		};
		A71F9E7B2A13DE720046051A /* Debug */ = {
			isa = XCBuildConfiguration;
			buildSettings = {
				ALWAYS_EMBED_SWIFT_STANDARD_LIBRARIES = YES;
				BUNDLE_LOADER = "$(TEST_HOST)";
				CODE_SIGN_STYLE = Automatic;
				CURRENT_PROJECT_VERSION = 1;
				DEVELOPMENT_TEAM = 4Y8XQ8GCD6;
				GENERATE_INFOPLIST_FILE = YES;
				IPHONEOS_DEPLOYMENT_TARGET = 16.4;
				MARKETING_VERSION = 1.0;
				PRODUCT_BUNDLE_IDENTIFIER = "com.evandrocaxala.video-playerTests";
				PRODUCT_NAME = "$(TARGET_NAME)";
				SWIFT_EMIT_LOC_STRINGS = NO;
				SWIFT_VERSION = 5.0;
				TARGETED_DEVICE_FAMILY = "1,2";
				TEST_HOST = "$(BUILT_PRODUCTS_DIR)/video_player.app/$(BUNDLE_EXECUTABLE_FOLDER_PATH)/video_player";
			};
			name = Debug;
		};
		A71F9E7C2A13DE720046051A /* Release */ = {
			isa = XCBuildConfiguration;
			buildSettings = {
				ALWAYS_EMBED_SWIFT_STANDARD_LIBRARIES = YES;
				BUNDLE_LOADER = "$(TEST_HOST)";
				CODE_SIGN_STYLE = Automatic;
				CURRENT_PROJECT_VERSION = 1;
				DEVELOPMENT_TEAM = 4Y8XQ8GCD6;
				GENERATE_INFOPLIST_FILE = YES;
				IPHONEOS_DEPLOYMENT_TARGET = 16.4;
				MARKETING_VERSION = 1.0;
				PRODUCT_BUNDLE_IDENTIFIER = "com.evandrocaxala.video-playerTests";
				PRODUCT_NAME = "$(TARGET_NAME)";
				SWIFT_EMIT_LOC_STRINGS = NO;
				SWIFT_VERSION = 5.0;
				TARGETED_DEVICE_FAMILY = "1,2";
				TEST_HOST = "$(BUILT_PRODUCTS_DIR)/video_player.app/$(BUNDLE_EXECUTABLE_FOLDER_PATH)/video_player";
			};
			name = Release;
		};
		A71F9E7E2A13DE720046051A /* Debug */ = {
			isa = XCBuildConfiguration;
			buildSettings = {
				ALWAYS_EMBED_SWIFT_STANDARD_LIBRARIES = YES;
				CODE_SIGN_STYLE = Automatic;
				CURRENT_PROJECT_VERSION = 1;
				DEVELOPMENT_TEAM = 4Y8XQ8GCD6;
				GENERATE_INFOPLIST_FILE = YES;
				MARKETING_VERSION = 1.0;
				PRODUCT_BUNDLE_IDENTIFIER = "com.evandrocaxala.video-playerUITests";
				PRODUCT_NAME = "$(TARGET_NAME)";
				SWIFT_EMIT_LOC_STRINGS = NO;
				SWIFT_VERSION = 5.0;
				TARGETED_DEVICE_FAMILY = "1,2";
				TEST_TARGET_NAME = video_player;
			};
			name = Debug;
		};
		A71F9E7F2A13DE720046051A /* Release */ = {
			isa = XCBuildConfiguration;
			buildSettings = {
				ALWAYS_EMBED_SWIFT_STANDARD_LIBRARIES = YES;
				CODE_SIGN_STYLE = Automatic;
				CURRENT_PROJECT_VERSION = 1;
				DEVELOPMENT_TEAM = 4Y8XQ8GCD6;
				GENERATE_INFOPLIST_FILE = YES;
				MARKETING_VERSION = 1.0;
				PRODUCT_BUNDLE_IDENTIFIER = "com.evandrocaxala.video-playerUITests";
				PRODUCT_NAME = "$(TARGET_NAME)";
				SWIFT_EMIT_LOC_STRINGS = NO;
				SWIFT_VERSION = 5.0;
				TARGETED_DEVICE_FAMILY = "1,2";
				TEST_TARGET_NAME = video_player;
			};
			name = Release;
		};
/* End XCBuildConfiguration section */

/* Begin XCConfigurationList section */
		A71F9E482A13DE710046051A /* Build configuration list for PBXProject "video_player" */ = {
			isa = XCConfigurationList;
			buildConfigurations = (
				A71F9E752A13DE720046051A /* Debug */,
				A71F9E762A13DE720046051A /* Release */,
			);
			defaultConfigurationIsVisible = 0;
			defaultConfigurationName = Release;
		};
		A71F9E772A13DE720046051A /* Build configuration list for PBXNativeTarget "video_player" */ = {
			isa = XCConfigurationList;
			buildConfigurations = (
				A71F9E782A13DE720046051A /* Debug */,
				A71F9E792A13DE720046051A /* Release */,
			);
			defaultConfigurationIsVisible = 0;
			defaultConfigurationName = Release;
		};
		A71F9E7A2A13DE720046051A /* Build configuration list for PBXNativeTarget "video_playerTests" */ = {
			isa = XCConfigurationList;
			buildConfigurations = (
				A71F9E7B2A13DE720046051A /* Debug */,
				A71F9E7C2A13DE720046051A /* Release */,
			);
			defaultConfigurationIsVisible = 0;
			defaultConfigurationName = Release;
		};
		A71F9E7D2A13DE720046051A /* Build configuration list for PBXNativeTarget "video_playerUITests" */ = {
			isa = XCConfigurationList;
			buildConfigurations = (
				A71F9E7E2A13DE720046051A /* Debug */,
				A71F9E7F2A13DE720046051A /* Release */,
			);
			defaultConfigurationIsVisible = 0;
			defaultConfigurationName = Release;
		};
/* End XCConfigurationList section */
	};
	rootObject = A71F9E452A13DE710046051A /* Project object */;
}
